
Microsoft Visual Studio Solution File, Format Version 12.00
# Visual Studio Version 17
VisualStudioVersion = 17.12.35707.178
MinimumVisualStudioVersion = 10.0.40219.1
Project("{FAE04EC0-301F-11D3-BF4B-00C04F79EFBC}") = "Prova_Esame_29.1.24", "Prova_Esame_29.1.24\Prova_Esame_29.1.24.csproj", "{4545AEFA-5134-44F6-A06E-945FD5E6BB62}"
EndProject
Project("{FAE04EC0-301F-11D3-BF4B-00C04F79EFBC}") = "Test", "Test\Test.csproj", "{A619B75F-8526-4EB8-BC4A-34AA158356F9}"
EndProject
Global
	GlobalSection(SolutionConfigurationPlatforms) = preSolution
		Debug|Any CPU = Debug|Any CPU
		Release|Any CPU = Release|Any CPU
	EndGlobalSection
	GlobalSection(ProjectConfigurationPlatforms) = postSolution
		{4545AEFA-5134-44F6-A06E-945FD5E6BB62}.Debug|Any CPU.ActiveCfg = Debug|Any CPU
		{4545AEFA-5134-44F6-A06E-945FD5E6BB62}.Debug|Any CPU.Build.0 = Debug|Any CPU
		{4545AEFA-5134-44F6-A06E-945FD5E6BB62}.Release|Any CPU.ActiveCfg = Release|Any CPU
		{4545AEFA-5134-44F6-A06E-945FD5E6BB62}.Release|Any CPU.Build.0 = Release|Any CPU
		{A619B75F-8526-4EB8-BC4A-34AA158356F9}.Debug|Any CPU.ActiveCfg = Debug|Any CPU
		{A619B75F-8526-4EB8-BC4A-34AA158356F9}.Debug|Any CPU.Build.0 = Debug|Any CPU
		{A619B75F-8526-4EB8-BC4A-34AA158356F9}.Release|Any CPU.ActiveCfg = Release|Any CPU
		{A619B75F-8526-4EB8-BC4A-34AA158356F9}.Release|Any CPU.Build.0 = Release|Any CPU
	EndGlobalSection
	GlobalSection(SolutionProperties) = preSolution
		HideSolutionNode = FALSE
	EndGlobalSection
EndGlobal
